// !$*UTF8*$!
{
	archiveVersion = 1;
	classes = {
	};
	objectVersion = 77;
	objects = {

/* Begin PBXBuildFile section */
		3B308DD22D06C8DA00EBEFB2 /* Speech.framework in Frameworks */ = {isa = PBXBuildFile; fileRef = 3B308DD12D06C8DA00EBEFB2 /* Speech.framework */; };
		3B308DD42D06C8E000EBEFB2 /* Translation.framework in Frameworks */ = {isa = PBXBuildFile; fileRef = 3B308DD32D06C8E000EBEFB2 /* Translation.framework */; };
		3B308DFB2D06D9C100EBEFB2 /* NaturalLanguage.framework in Frameworks */ = {isa = PBXBuildFile; fileRef = 3B308DFA2D06D9C100EBEFB2 /* NaturalLanguage.framework */; };
/* End PBXBuildFile section */

/* Begin PBXContainerItemProxy section */
		3B308DB02D06C1D700EBEFB2 /* PBXContainerItemProxy */ = {
			isa = PBXContainerItemProxy;
			containerPortal = 3B308D912D06C1D400EBEFB2 /* Project object */;
			proxyType = 1;
			remoteGlobalIDString = 3B308D982D06C1D500EBEFB2;
			remoteInfo = PolyglotSwift;
		};
		3B308DBA2D06C1D800EBEFB2 /* PBXContainerItemProxy */ = {
			isa = PBXContainerItemProxy;
			containerPortal = 3B308D912D06C1D400EBEFB2 /* Project object */;
			proxyType = 1;
			remoteGlobalIDString = 3B308D982D06C1D500EBEFB2;
			remoteInfo = PolyglotSwift;
		};
/* End PBXContainerItemProxy section */

/* Begin PBXFileReference section */
		3B308D992D06C1D500EBEFB2 /* PolyglotSwift.app */ = {isa = PBXFileReference; explicitFileType = wrapper.application; includeInIndex = 0; path = PolyglotSwift.app; sourceTree = BUILT_PRODUCTS_DIR; };
		3B308DAF2D06C1D700EBEFB2 /* PolyglotSwiftTests.xctest */ = {isa = PBXFileReference; explicitFileType = wrapper.cfbundle; includeInIndex = 0; path = PolyglotSwiftTests.xctest; sourceTree = BUILT_PRODUCTS_DIR; };
		3B308DB92D06C1D800EBEFB2 /* PolyglotSwiftUITests.xctest */ = {isa = PBXFileReference; explicitFileType = wrapper.cfbundle; includeInIndex = 0; path = PolyglotSwiftUITests.xctest; sourceTree = BUILT_PRODUCTS_DIR; };
		3B308DD12D06C8DA00EBEFB2 /* Speech.framework */ = {isa = PBXFileReference; lastKnownFileType = wrapper.framework; name = Speech.framework; path = System/Library/Frameworks/Speech.framework; sourceTree = SDKROOT; };
		3B308DD32D06C8E000EBEFB2 /* Translation.framework */ = {isa = PBXFileReference; lastKnownFileType = wrapper.framework; name = Translation.framework; path = System/Library/Frameworks/Translation.framework; sourceTree = SDKROOT; };
		3B308DFA2D06D9C100EBEFB2 /* NaturalLanguage.framework */ = {isa = PBXFileReference; lastKnownFileType = wrapper.framework; name = NaturalLanguage.framework; path = System/Library/Frameworks/NaturalLanguage.framework; sourceTree = SDKROOT; };
/* End PBXFileReference section */

/* Begin PBXFileSystemSynchronizedRootGroup section */
		3B308D9B2D06C1D500EBEFB2 /* PolyglotSwift */ = {
			isa = PBXFileSystemSynchronizedRootGroup;
			path = PolyglotSwift;
			sourceTree = "<group>";
		};
		3B308DB22D06C1D700EBEFB2 /* PolyglotSwiftTests */ = {
			isa = PBXFileSystemSynchronizedRootGroup;
			path = PolyglotSwiftTests;
			sourceTree = "<group>";
		};
		3B308DBC2D06C1D800EBEFB2 /* PolyglotSwiftUITests */ = {
			isa = PBXFileSystemSynchronizedRootGroup;
			path = PolyglotSwiftUITests;
			sourceTree = "<group>";
		};
/* End PBXFileSystemSynchronizedRootGroup section */

/* Begin PBXFrameworksBuildPhase section */
		3B308D962D06C1D500EBEFB2 /* Frameworks */ = {
			isa = PBXFrameworksBuildPhase;
			buildActionMask = 2147483647;
			files = (
				3B308DD42D06C8E000EBEFB2 /* Translation.framework in Frameworks */,
				3B308DFB2D06D9C100EBEFB2 /* NaturalLanguage.framework in Frameworks */,
				3B308DD22D06C8DA00EBEFB2 /* Speech.framework in Frameworks */,
			);
			runOnlyForDeploymentPostprocessing = 0;
		};
		3B308DAC2D06C1D700EBEFB2 /* Frameworks */ = {
			isa = PBXFrameworksBuildPhase;
			buildActionMask = 2147483647;
			files = (
			);
			runOnlyForDeploymentPostprocessing = 0;
		};
		3B308DB62D06C1D800EBEFB2 /* Frameworks */ = {
			isa = PBXFrameworksBuildPhase;
			buildActionMask = 2147483647;
			files = (
			);
			runOnlyForDeploymentPostprocessing = 0;
		};
/* End PBXFrameworksBuildPhase section */

/* Begin PBXGroup section */
		3B308D902D06C1D400EBEFB2 = {
			isa = PBXGroup;
			children = (
				3B308D9B2D06C1D500EBEFB2 /* PolyglotSwift */,
				3B308DB22D06C1D700EBEFB2 /* PolyglotSwiftTests */,
				3B308DBC2D06C1D800EBEFB2 /* PolyglotSwiftUITests */,
				3B308DD02D06C8D900EBEFB2 /* Frameworks */,
				3B308D9A2D06C1D500EBEFB2 /* Products */,
			);
			sourceTree = "<group>";
		};
		3B308D9A2D06C1D500EBEFB2 /* Products */ = {
			isa = PBXGroup;
			children = (
				3B308D992D06C1D500EBEFB2 /* PolyglotSwift.app */,
				3B308DAF2D06C1D700EBEFB2 /* PolyglotSwiftTests.xctest */,
				3B308DB92D06C1D800EBEFB2 /* PolyglotSwiftUITests.xctest */,
			);
			name = Products;
			sourceTree = "<group>";
		};
		3B308DD02D06C8D900EBEFB2 /* Frameworks */ = {
			isa = PBXGroup;
			children = (
				3B308DFA2D06D9C100EBEFB2 /* NaturalLanguage.framework */,
				3B308DD32D06C8E000EBEFB2 /* Translation.framework */,
				3B308DD12D06C8DA00EBEFB2 /* Speech.framework */,
			);
			name = Frameworks;
			sourceTree = "<group>";
		};
/* End PBXGroup section */

/* Begin PBXNativeTarget section */
		3B308D982D06C1D500EBEFB2 /* PolyglotSwift */ = {
			isa = PBXNativeTarget;
			buildConfigurationList = 3B308DC32D06C1D800EBEFB2 /* Build configuration list for PBXNativeTarget "PolyglotSwift" */;
			buildPhases = (
				3B308D952D06C1D500EBEFB2 /* Sources */,
				3B308D962D06C1D500EBEFB2 /* Frameworks */,
				3B308D972D06C1D500EBEFB2 /* Resources */,
			);
			buildRules = (
			);
			dependencies = (
			);
			fileSystemSynchronizedGroups = (
				3B308D9B2D06C1D500EBEFB2 /* PolyglotSwift */,
			);
			name = PolyglotSwift;
			packageProductDependencies = (
			);
			productName = PolyglotSwift;
			productReference = 3B308D992D06C1D500EBEFB2 /* PolyglotSwift.app */;
			productType = "com.apple.product-type.application";
		};
		3B308DAE2D06C1D700EBEFB2 /* PolyglotSwiftTests */ = {
			isa = PBXNativeTarget;
			buildConfigurationList = 3B308DC62D06C1D800EBEFB2 /* Build configuration list for PBXNativeTarget "PolyglotSwiftTests" */;
			buildPhases = (
				3B308DAB2D06C1D700EBEFB2 /* Sources */,
				3B308DAC2D06C1D700EBEFB2 /* Frameworks */,
				3B308DAD2D06C1D700EBEFB2 /* Resources */,
			);
			buildRules = (
			);
			dependencies = (
				3B308DB12D06C1D700EBEFB2 /* PBXTargetDependency */,
			);
			fileSystemSynchronizedGroups = (
				3B308DB22D06C1D700EBEFB2 /* PolyglotSwiftTests */,
			);
			name = PolyglotSwiftTests;
			packageProductDependencies = (
			);
			productName = PolyglotSwiftTests;
			productReference = 3B308DAF2D06C1D700EBEFB2 /* PolyglotSwiftTests.xctest */;
			productType = "com.apple.product-type.bundle.unit-test";
		};
		3B308DB82D06C1D800EBEFB2 /* PolyglotSwiftUITests */ = {
			isa = PBXNativeTarget;
			buildConfigurationList = 3B308DC92D06C1D800EBEFB2 /* Build configuration list for PBXNativeTarget "PolyglotSwiftUITests" */;
			buildPhases = (
				3B308DB52D06C1D800EBEFB2 /* Sources */,
				3B308DB62D06C1D800EBEFB2 /* Frameworks */,
				3B308DB72D06C1D800EBEFB2 /* Resources */,
			);
			buildRules = (
			);
			dependencies = (
				3B308DBB2D06C1D800EBEFB2 /* PBXTargetDependency */,
			);
			fileSystemSynchronizedGroups = (
				3B308DBC2D06C1D800EBEFB2 /* PolyglotSwiftUITests */,
			);
			name = PolyglotSwiftUITests;
			packageProductDependencies = (
			);
			productName = PolyglotSwiftUITests;
			productReference = 3B308DB92D06C1D800EBEFB2 /* PolyglotSwiftUITests.xctest */;
			productType = "com.apple.product-type.bundle.ui-testing";
		};
/* End PBXNativeTarget section */

/* Begin PBXProject section */
		3B308D912D06C1D400EBEFB2 /* Project object */ = {
			isa = PBXProject;
			attributes = {
				BuildIndependentTargetsInParallel = 1;
				LastSwiftUpdateCheck = 1610;
				LastUpgradeCheck = 1610;
				TargetAttributes = {
					3B308D982D06C1D500EBEFB2 = {
						CreatedOnToolsVersion = 16.1;
					};
					3B308DAE2D06C1D700EBEFB2 = {
						CreatedOnToolsVersion = 16.1;
						TestTargetID = 3B308D982D06C1D500EBEFB2;
					};
					3B308DB82D06C1D800EBEFB2 = {
						CreatedOnToolsVersion = 16.1;
						TestTargetID = 3B308D982D06C1D500EBEFB2;
					};
				};
			};
			buildConfigurationList = 3B308D942D06C1D400EBEFB2 /* Build configuration list for PBXProject "PolyglotSwift" */;
			developmentRegion = en;
			hasScannedForEncodings = 0;
			knownRegions = (
				en,
				Base,
			);
			mainGroup = 3B308D902D06C1D400EBEFB2;
			minimizedProjectReferenceProxies = 1;
			preferredProjectObjectVersion = 77;
			productRefGroup = 3B308D9A2D06C1D500EBEFB2 /* Products */;
			projectDirPath = "";
			projectRoot = "";
			targets = (
				3B308D982D06C1D500EBEFB2 /* PolyglotSwift */,
				3B308DAE2D06C1D700EBEFB2 /* PolyglotSwiftTests */,
				3B308DB82D06C1D800EBEFB2 /* PolyglotSwiftUITests */,
			);
		};
/* End PBXProject section */

/* Begin PBXResourcesBuildPhase section */
		3B308D972D06C1D500EBEFB2 /* Resources */ = {
			isa = PBXResourcesBuildPhase;
			buildActionMask = 2147483647;
			files = (
			);
			runOnlyForDeploymentPostprocessing = 0;
		};
		3B308DAD2D06C1D700EBEFB2 /* Resources */ = {
			isa = PBXResourcesBuildPhase;
			buildActionMask = 2147483647;
			files = (
			);
			runOnlyForDeploymentPostprocessing = 0;
		};
		3B308DB72D06C1D800EBEFB2 /* Resources */ = {
			isa = PBXResourcesBuildPhase;
			buildActionMask = 2147483647;
			files = (
			);
			runOnlyForDeploymentPostprocessing = 0;
		};
/* End PBXResourcesBuildPhase section */

/* Begin PBXSourcesBuildPhase section */
		3B308D952D06C1D500EBEFB2 /* Sources */ = {
			isa = PBXSourcesBuildPhase;
			buildActionMask = 2147483647;
			files = (
			);
			runOnlyForDeploymentPostprocessing = 0;
		};
		3B308DAB2D06C1D700EBEFB2 /* Sources */ = {
			isa = PBXSourcesBuildPhase;
			buildActionMask = 2147483647;
			files = (
			);
			runOnlyForDeploymentPostprocessing = 0;
		};
		3B308DB52D06C1D800EBEFB2 /* Sources */ = {
			isa = PBXSourcesBuildPhase;
			buildActionMask = 2147483647;
			files = (
			);
			runOnlyForDeploymentPostprocessing = 0;
		};
/* End PBXSourcesBuildPhase section */

/* Begin PBXTargetDependency section */
		3B308DB12D06C1D700EBEFB2 /* PBXTargetDependency */ = {
			isa = PBXTargetDependency;
			target = 3B308D982D06C1D500EBEFB2 /* PolyglotSwift */;
			targetProxy = 3B308DB02D06C1D700EBEFB2 /* PBXContainerItemProxy */;
		};
		3B308DBB2D06C1D800EBEFB2 /* PBXTargetDependency */ = {
			isa = PBXTargetDependency;
			target = 3B308D982D06C1D500EBEFB2 /* PolyglotSwift */;
			targetProxy = 3B308DBA2D06C1D800EBEFB2 /* PBXContainerItemProxy */;
		};
/* End PBXTargetDependency section */

/* Begin XCBuildConfiguration section */
		3B308DC12D06C1D800EBEFB2 /* Debug */ = {
			isa = XCBuildConfiguration;
			buildSettings = {
				ALWAYS_SEARCH_USER_PATHS = NO;
				ASSETCATALOG_COMPILER_GENERATE_SWIFT_ASSET_SYMBOL_EXTENSIONS = YES;
				CLANG_ANALYZER_NONNULL = YES;
				CLANG_ANALYZER_NUMBER_OBJECT_CONVERSION = YES_AGGRESSIVE;
				CLANG_CXX_LANGUAGE_STANDARD = "gnu++20";
				CLANG_ENABLE_MODULES = YES;
				CLANG_ENABLE_OBJC_ARC = YES;
				CLANG_ENABLE_OBJC_WEAK = YES;
				CLANG_WARN_BLOCK_CAPTURE_AUTORELEASING = YES;
				CLANG_WARN_BOOL_CONVERSION = YES;
				CLANG_WARN_COMMA = YES;
				CLANG_WARN_CONSTANT_CONVERSION = YES;
				CLANG_WARN_DEPRECATED_OBJC_IMPLEMENTATIONS = YES;
				CLANG_WARN_DIRECT_OBJC_ISA_USAGE = YES_ERROR;
				CLANG_WARN_DOCUMENTATION_COMMENTS = YES;
				CLANG_WARN_EMPTY_BODY = YES;
				CLANG_WARN_ENUM_CONVERSION = YES;
				CLANG_WARN_INFINITE_RECURSION = YES;
				CLANG_WARN_INT_CONVERSION = YES;
				CLANG_WARN_NON_LITERAL_NULL_CONVERSION = YES;
				CLANG_WARN_OBJC_IMPLICIT_RETAIN_SELF = YES;
				CLANG_WARN_OBJC_LITERAL_CONVERSION = YES;
				CLANG_WARN_OBJC_ROOT_CLASS = YES_ERROR;
				CLANG_WARN_QUOTED_INCLUDE_IN_FRAMEWORK_HEADER = YES;
				CLANG_WARN_RANGE_LOOP_ANALYSIS = YES;
				CLANG_WARN_STRICT_PROTOTYPES = YES;
				CLANG_WARN_SUSPICIOUS_MOVE = YES;
				CLANG_WARN_UNGUARDED_AVAILABILITY = YES_AGGRESSIVE;
				CLANG_WARN_UNREACHABLE_CODE = YES;
				CLANG_WARN__DUPLICATE_METHOD_MATCH = YES;
				COPY_PHASE_STRIP = NO;
				DEBUG_INFORMATION_FORMAT = dwarf;
				ENABLE_STRICT_OBJC_MSGSEND = YES;
				ENABLE_TESTABILITY = YES;
				ENABLE_USER_SCRIPT_SANDBOXING = YES;
				GCC_C_LANGUAGE_STANDARD = gnu17;
				GCC_DYNAMIC_NO_PIC = NO;
				GCC_NO_COMMON_BLOCKS = YES;
				GCC_OPTIMIZATION_LEVEL = 0;
				GCC_PREPROCESSOR_DEFINITIONS = (
					"DEBUG=1",
					"$(inherited)",
				);
				GCC_WARN_64_TO_32_BIT_CONVERSION = YES;
				GCC_WARN_ABOUT_RETURN_TYPE = YES_ERROR;
				GCC_WARN_UNDECLARED_SELECTOR = YES;
				GCC_WARN_UNINITIALIZED_AUTOS = YES_AGGRESSIVE;
				GCC_WARN_UNUSED_FUNCTION = YES;
				GCC_WARN_UNUSED_VARIABLE = YES;
				INFOPLIST_FILE = PolyglotSwift/Info.plist;
				LOCALIZATION_PREFERS_STRING_CATALOGS = YES;
				MACOSX_DEPLOYMENT_TARGET = 15.1;
				MTL_ENABLE_DEBUG_INFO = INCLUDE_SOURCE;
				MTL_FAST_MATH = YES;
				ONLY_ACTIVE_ARCH = YES;
				SDKROOT = macosx;
				SWIFT_ACTIVE_COMPILATION_CONDITIONS = "DEBUG $(inherited)";
				SWIFT_OPTIMIZATION_LEVEL = "-Onone";
			};
			name = Debug;
		};
		3B308DC22D06C1D800EBEFB2 /* Release */ = {
			isa = XCBuildConfiguration;
			buildSettings = {
				ALWAYS_SEARCH_USER_PATHS = NO;
				ASSETCATALOG_COMPILER_GENERATE_SWIFT_ASSET_SYMBOL_EXTENSIONS = YES;
				CLANG_ANALYZER_NONNULL = YES;
				CLANG_ANALYZER_NUMBER_OBJECT_CONVERSION = YES_AGGRESSIVE;
				CLANG_CXX_LANGUAGE_STANDARD = "gnu++20";
				CLANG_ENABLE_MODULES = YES;
				CLANG_ENABLE_OBJC_ARC = YES;
				CLANG_ENABLE_OBJC_WEAK = YES;
				CLANG_WARN_BLOCK_CAPTURE_AUTORELEASING = YES;
				CLANG_WARN_BOOL_CONVERSION = YES;
				CLANG_WARN_COMMA = YES;
				CLANG_WARN_CONSTANT_CONVERSION = YES;
				CLANG_WARN_DEPRECATED_OBJC_IMPLEMENTATIONS = YES;
				CLANG_WARN_DIRECT_OBJC_ISA_USAGE = YES_ERROR;
				CLANG_WARN_DOCUMENTATION_COMMENTS = YES;
				CLANG_WARN_EMPTY_BODY = YES;
				CLANG_WARN_ENUM_CONVERSION = YES;
				CLANG_WARN_INFINITE_RECURSION = YES;
				CLANG_WARN_INT_CONVERSION = YES;
				CLANG_WARN_NON_LITERAL_NULL_CONVERSION = YES;
				CLANG_WARN_OBJC_IMPLICIT_RETAIN_SELF = YES;
				CLANG_WARN_OBJC_LITERAL_CONVERSION = YES;
				CLANG_WARN_OBJC_ROOT_CLASS = YES_ERROR;
				CLANG_WARN_QUOTED_INCLUDE_IN_FRAMEWORK_HEADER = YES;
				CLANG_WARN_RANGE_LOOP_ANALYSIS = YES;
				CLANG_WARN_STRICT_PROTOTYPES = YES;
				CLANG_WARN_SUSPICIOUS_MOVE = YES;
				CLANG_WARN_UNGUARDED_AVAILABILITY = YES_AGGRESSIVE;
				CLANG_WARN_UNREACHABLE_CODE = YES;
				CLANG_WARN__DUPLICATE_METHOD_MATCH = YES;
				COPY_PHASE_STRIP = NO;
				DEBUG_INFORMATION_FORMAT = "dwarf-with-dsym";
				ENABLE_NS_ASSERTIONS = NO;
				ENABLE_STRICT_OBJC_MSGSEND = YES;
				ENABLE_USER_SCRIPT_SANDBOXING = YES;
				GCC_C_LANGUAGE_STANDARD = gnu17;
				GCC_NO_COMMON_BLOCKS = YES;
				GCC_WARN_64_TO_32_BIT_CONVERSION = YES;
				GCC_WARN_ABOUT_RETURN_TYPE = YES_ERROR;
				GCC_WARN_UNDECLARED_SELECTOR = YES;
				GCC_WARN_UNINITIALIZED_AUTOS = YES_AGGRESSIVE;
				GCC_WARN_UNUSED_FUNCTION = YES;
				GCC_WARN_UNUSED_VARIABLE = YES;
				INFOPLIST_FILE = PolyglotSwift/Info.plist;
				LOCALIZATION_PREFERS_STRING_CATALOGS = YES;
				MACOSX_DEPLOYMENT_TARGET = 15.1;
				MTL_ENABLE_DEBUG_INFO = NO;
				MTL_FAST_MATH = YES;
				SDKROOT = macosx;
				SWIFT_COMPILATION_MODE = wholemodule;
			};
			name = Release;
		};
		3B308DC42D06C1D800EBEFB2 /* Debug */ = {
			isa = XCBuildConfiguration;
			buildSettings = {
				ASSETCATALOG_COMPILER_APPICON_NAME = AppIcon;
				ASSETCATALOG_COMPILER_GLOBAL_ACCENT_COLOR_NAME = AccentColor;
				CODE_SIGN_ENTITLEMENTS = PolyglotSwift/PolyglotSwift.entitlements;
				CODE_SIGN_STYLE = Automatic;
				COMBINE_HIDPI_IMAGES = YES;
				CURRENT_PROJECT_VERSION = 1;
				DEVELOPMENT_ASSET_PATHS = "\"PolyglotSwift/Preview Content\"";
				DEVELOPMENT_TEAM = AAJS7DYRH7;
				ENABLE_HARDENED_RUNTIME = YES;
				ENABLE_PREVIEWS = YES;
				GENERATE_INFOPLIST_FILE = YES;
				INFOPLIST_KEY_NSHumanReadableCopyright = "";
				LD_RUNPATH_SEARCH_PATHS = (
					"$(inherited)",
					"@executable_path/../Frameworks",
				);
				MARKETING_VERSION = 1.0;
				PRODUCT_BUNDLE_IDENTIFIER = "ltd.wrb.-polyglot.PolyglotSwift";
				PRODUCT_NAME = "$(TARGET_NAME)";
				SWIFT_EMIT_LOC_STRINGS = YES;
				SWIFT_VERSION = 5.0;
			};
			name = Debug;
		};
		3B308DC52D06C1D800EBEFB2 /* Release */ = {
			isa = XCBuildConfiguration;
			buildSettings = {
				ASSETCATALOG_COMPILER_APPICON_NAME = AppIcon;
				ASSETCATALOG_COMPILER_GLOBAL_ACCENT_COLOR_NAME = AccentColor;
				CODE_SIGN_ENTITLEMENTS = PolyglotSwift/PolyglotSwift.entitlements;
				CODE_SIGN_STYLE = Automatic;
				COMBINE_HIDPI_IMAGES = YES;
				CURRENT_PROJECT_VERSION = 1;
				DEVELOPMENT_ASSET_PATHS = "\"PolyglotSwift/Preview Content\"";
				DEVELOPMENT_TEAM = AAJS7DYRH7;
				ENABLE_HARDENED_RUNTIME = YES;
				ENABLE_PREVIEWS = YES;
				GENERATE_INFOPLIST_FILE = YES;
				INFOPLIST_KEY_NSHumanReadableCopyright = "";
				LD_RUNPATH_SEARCH_PATHS = (
					"$(inherited)",
					"@executable_path/../Frameworks",
				);
				MARKETING_VERSION = 1.0;
				PRODUCT_BUNDLE_IDENTIFIER = "ltd.wrb.-polyglot.PolyglotSwift";
				PRODUCT_NAME = "$(TARGET_NAME)";
				SWIFT_EMIT_LOC_STRINGS = YES;
				SWIFT_VERSION = 5.0;
			};
			name = Release;
		};
		3B308DC72D06C1D800EBEFB2 /* Debug */ = {
			isa = XCBuildConfiguration;
			buildSettings = {
				BUNDLE_LOADER = "$(TEST_HOST)";
				CODE_SIGN_STYLE = Automatic;
				CURRENT_PROJECT_VERSION = 1;
				DEVELOPMENT_TEAM = AAJS7DYRH7;
				GENERATE_INFOPLIST_FILE = YES;
				MACOSX_DEPLOYMENT_TARGET = 15.1;
				MARKETING_VERSION = 1.0;
				PRODUCT_BUNDLE_IDENTIFIER = "ltd.wrb.-polyglot.PolyglotSwiftTests";
				PRODUCT_NAME = "$(TARGET_NAME)";
				SWIFT_EMIT_LOC_STRINGS = NO;
				SWIFT_VERSION = 5.0;
				TEST_HOST = "$(BUILT_PRODUCTS_DIR)/PolyglotSwift.app/$(BUNDLE_EXECUTABLE_FOLDER_PATH)/PolyglotSwift";
			};
			name = Debug;
		};
		3B308DC82D06C1D800EBEFB2 /* Release */ = {
			isa = XCBuildConfiguration;
			buildSettings = {
				BUNDLE_LOADER = "$(TEST_HOST)";
				CODE_SIGN_STYLE = Automatic;
				CURRENT_PROJECT_VERSION = 1;
				DEVELOPMENT_TEAM = AAJS7DYRH7;
				GENERATE_INFOPLIST_FILE = YES;
				MACOSX_DEPLOYMENT_TARGET = 15.1;
				MARKETING_VERSION = 1.0;
				PRODUCT_BUNDLE_IDENTIFIER = "ltd.wrb.-polyglot.PolyglotSwiftTests";
				PRODUCT_NAME = "$(TARGET_NAME)";
				SWIFT_EMIT_LOC_STRINGS = NO;
				SWIFT_VERSION = 5.0;
				TEST_HOST = "$(BUILT_PRODUCTS_DIR)/PolyglotSwift.app/$(BUNDLE_EXECUTABLE_FOLDER_PATH)/PolyglotSwift";
			};
			name = Release;
		};
		3B308DCA2D06C1D800EBEFB2 /* Debug */ = {
			isa = XCBuildConfiguration;
			buildSettings = {
				CODE_SIGN_STYLE = Automatic;
				CURRENT_PROJECT_VERSION = 1;
				DEVELOPMENT_TEAM = AAJS7DYRH7;
				GENERATE_INFOPLIST_FILE = YES;
				MARKETING_VERSION = 1.0;
				PRODUCT_BUNDLE_IDENTIFIER = "ltd.wrb.-polyglot.PolyglotSwiftUITests";
				PRODUCT_NAME = "$(TARGET_NAME)";
				SWIFT_EMIT_LOC_STRINGS = NO;
				SWIFT_VERSION = 5.0;
				TEST_TARGET_NAME = PolyglotSwift;
			};
			name = Debug;
		};
		3B308DCB2D06C1D800EBEFB2 /* Release */ = {
			isa = XCBuildConfiguration;
			buildSettings = {
				CODE_SIGN_STYLE = Automatic;
				CURRENT_PROJECT_VERSION = 1;
				DEVELOPMENT_TEAM = AAJS7DYRH7;
				GENERATE_INFOPLIST_FILE = YES;
				MARKETING_VERSION = 1.0;
				PRODUCT_BUNDLE_IDENTIFIER = "ltd.wrb.-polyglot.PolyglotSwiftUITests";
				PRODUCT_NAME = "$(TARGET_NAME)";
				SWIFT_EMIT_LOC_STRINGS = NO;
				SWIFT_VERSION = 5.0;
				TEST_TARGET_NAME = PolyglotSwift;
			};
			name = Release;
		};
/* End XCBuildConfiguration section */

/* Begin XCConfigurationList section */
		3B308D942D06C1D400EBEFB2 /* Build configuration list for PBXProject "PolyglotSwift" */ = {
			isa = XCConfigurationList;
			buildConfigurations = (
				3B308DC12D06C1D800EBEFB2 /* Debug */,
				3B308DC22D06C1D800EBEFB2 /* Release */,
			);
			defaultConfigurationIsVisible = 0;
			defaultConfigurationName = Release;
		};
		3B308DC32D06C1D800EBEFB2 /* Build configuration list for PBXNativeTarget "PolyglotSwift" */ = {
			isa = XCConfigurationList;
			buildConfigurations = (
				3B308DC42D06C1D800EBEFB2 /* Debug */,
				3B308DC52D06C1D800EBEFB2 /* Release */,
			);
			defaultConfigurationIsVisible = 0;
			defaultConfigurationName = Release;
		};
		3B308DC62D06C1D800EBEFB2 /* Build configuration list for PBXNativeTarget "PolyglotSwiftTests" */ = {
			isa = XCConfigurationList;
			buildConfigurations = (
				3B308DC72D06C1D800EBEFB2 /* Debug */,
				3B308DC82D06C1D800EBEFB2 /* Release */,
			);
			defaultConfigurationIsVisible = 0;
			defaultConfigurationName = Release;
		};
		3B308DC92D06C1D800EBEFB2 /* Build configuration list for PBXNativeTarget "PolyglotSwiftUITests" */ = {
			isa = XCConfigurationList;
			buildConfigurations = (
				3B308DCA2D06C1D800EBEFB2 /* Debug */,
				3B308DCB2D06C1D800EBEFB2 /* Release */,
			);
			defaultConfigurationIsVisible = 0;
			defaultConfigurationName = Release;
		};
/* End XCConfigurationList section */
	};
	rootObject = 3B308D912D06C1D400EBEFB2 /* Project object */;
}
